// !$*UTF8*$!
{
	archiveVersion = 1;
	classes = {
	};
	objectVersion = 48;
	objects = {

/* Begin PBXBuildFile section */
		58223991EC2F571538C129F6 /* Pods_Unicorn.framework in Frameworks */ = {isa = PBXBuildFile; fileRef = 8E627562A13B20546F7B678C /* Pods_Unicorn.framework */; };
		8877F57A1FCC446B006F1484 /* AppDelegate.swift in Sources */ = {isa = PBXBuildFile; fileRef = 8877F5791FCC446B006F1484 /* AppDelegate.swift */; };
		8877F57C1FCC446B006F1484 /* ViewController.swift in Sources */ = {isa = PBXBuildFile; fileRef = 8877F57B1FCC446B006F1484 /* ViewController.swift */; };
		8877F57F1FCC446B006F1484 /* Main.storyboard in Resources */ = {isa = PBXBuildFile; fileRef = 8877F57D1FCC446B006F1484 /* Main.storyboard */; };
		8877F5811FCC446B006F1484 /* Assets.xcassets in Resources */ = {isa = PBXBuildFile; fileRef = 8877F5801FCC446B006F1484 /* Assets.xcassets */; };
		8877F5841FCC446B006F1484 /* LaunchScreen.storyboard in Resources */ = {isa = PBXBuildFile; fileRef = 8877F5821FCC446B006F1484 /* LaunchScreen.storyboard */; };
/* End PBXBuildFile section */

/* Begin PBXFileReference section */
		3971A0270FE64F020F433A48 /* Pods-Unicorn.debug.xcconfig */ = {isa = PBXFileReference; includeInIndex = 1; lastKnownFileType = text.xcconfig; name = "Pods-Unicorn.debug.xcconfig"; path = "Pods/Target Support Files/Pods-Unicorn/Pods-Unicorn.debug.xcconfig"; sourceTree = "<group>"; };
		6575A822EF4827BAA928E47C /* Pods-Unicorn.release.xcconfig */ = {isa = PBXFileReference; includeInIndex = 1; lastKnownFileType = text.xcconfig; name = "Pods-Unicorn.release.xcconfig"; path = "Pods/Target Support Files/Pods-Unicorn/Pods-Unicorn.release.xcconfig"; sourceTree = "<group>"; };
		8877F5761FCC446B006F1484 /* Unicorn.app */ = {isa = PBXFileReference; explicitFileType = wrapper.application; includeInIndex = 0; path = Unicorn.app; sourceTree = BUILT_PRODUCTS_DIR; };
		8877F5791FCC446B006F1484 /* AppDelegate.swift */ = {isa = PBXFileReference; lastKnownFileType = sourcecode.swift; path = AppDelegate.swift; sourceTree = "<group>"; };
		8877F57B1FCC446B006F1484 /* ViewController.swift */ = {isa = PBXFileReference; lastKnownFileType = sourcecode.swift; path = ViewController.swift; sourceTree = "<group>"; };
		8877F57E1FCC446B006F1484 /* Base */ = {isa = PBXFileReference; lastKnownFileType = file.storyboard; name = Base; path = Base.lproj/Main.storyboard; sourceTree = "<group>"; };
		8877F5801FCC446B006F1484 /* Assets.xcassets */ = {isa = PBXFileReference; lastKnownFileType = folder.assetcatalog; path = Assets.xcassets; sourceTree = "<group>"; };
		8877F5831FCC446B006F1484 /* Base */ = {isa = PBXFileReference; lastKnownFileType = file.storyboard; name = Base; path = Base.lproj/LaunchScreen.storyboard; sourceTree = "<group>"; };
		8877F5851FCC446B006F1484 /* Info.plist */ = {isa = PBXFileReference; lastKnownFileType = text.plist.xml; path = Info.plist; sourceTree = "<group>"; };
		8E627562A13B20546F7B678C /* Pods_Unicorn.framework */ = {isa = PBXFileReference; explicitFileType = wrapper.framework; includeInIndex = 0; path = Pods_Unicorn.framework; sourceTree = BUILT_PRODUCTS_DIR; };
/* End PBXFileReference section */

/* Begin PBXFrameworksBuildPhase section */
		8877F5731FCC446B006F1484 /* Frameworks */ = {
			isa = PBXFrameworksBuildPhase;
			buildActionMask = 2147483647;
			files = (
				58223991EC2F571538C129F6 /* Pods_Unicorn.framework in Frameworks */,
			);
			runOnlyForDeploymentPostprocessing = 0;
		};
/* End PBXFrameworksBuildPhase section */

/* Begin PBXGroup section */
		1FBF924968727AC67CA1093E /* Frameworks */ = {
			isa = PBXGroup;
			children = (
				8E627562A13B20546F7B678C /* Pods_Unicorn.framework */,
			);
			name = Frameworks;
			sourceTree = "<group>";
		};
		8877F56D1FCC446B006F1484 = {
			isa = PBXGroup;
			children = (
				8877F5781FCC446B006F1484 /* Unicorn */,
				8877F5771FCC446B006F1484 /* Products */,
				C0CAF4EC53D8396F8DD43884 /* Pods */,
				1FBF924968727AC67CA1093E /* Frameworks */,
			);
			sourceTree = "<group>";
		};
		8877F5771FCC446B006F1484 /* Products */ = {
			isa = PBXGroup;
			children = (
				8877F5761FCC446B006F1484 /* Unicorn.app */,
			);
			name = Products;
			sourceTree = "<group>";
		};
		8877F5781FCC446B006F1484 /* Unicorn */ = {
			isa = PBXGroup;
			children = (
				8877F5791FCC446B006F1484 /* AppDelegate.swift */,
				8877F57B1FCC446B006F1484 /* ViewController.swift */,
				8877F57D1FCC446B006F1484 /* Main.storyboard */,
				8877F5801FCC446B006F1484 /* Assets.xcassets */,
				8877F5821FCC446B006F1484 /* LaunchScreen.storyboard */,
				8877F5851FCC446B006F1484 /* Info.plist */,
			);
			path = Unicorn;
			sourceTree = "<group>";
		};
		C0CAF4EC53D8396F8DD43884 /* Pods */ = {
			isa = PBXGroup;
			children = (
				3971A0270FE64F020F433A48 /* Pods-Unicorn.debug.xcconfig */,
				6575A822EF4827BAA928E47C /* Pods-Unicorn.release.xcconfig */,
			);
			name = Pods;
			sourceTree = "<group>";
		};
/* End PBXGroup section */

/* Begin PBXNativeTarget section */
		8877F5751FCC446B006F1484 /* Unicorn */ = {
			isa = PBXNativeTarget;
			buildConfigurationList = 8877F5881FCC446B006F1484 /* Build configuration list for PBXNativeTarget "Unicorn" */;
			buildPhases = (
				427E17606CABBEE86810306A /* [CP] Check Pods Manifest.lock */,
				8877F5721FCC446B006F1484 /* Sources */,
				8877F5731FCC446B006F1484 /* Frameworks */,
				8877F5741FCC446B006F1484 /* Resources */,
				FE7A6E53BB808F7E2741A200 /* [CP] Embed Pods Frameworks */,
				CDB254874BF0D1988E375CFA /* [CP] Copy Pods Resources */,
			);
			buildRules = (
			);
			dependencies = (
			);
			name = Unicorn;
			productName = Unicorn;
			productReference = 8877F5761FCC446B006F1484 /* Unicorn.app */;
			productType = "com.apple.product-type.application";
		};
/* End PBXNativeTarget section */

/* Begin PBXProject section */
		8877F56E1FCC446B006F1484 /* Project object */ = {
			isa = PBXProject;
			attributes = {
				LastSwiftUpdateCheck = 0910;
				LastUpgradeCheck = 0910;
				ORGANIZATIONNAME = "Jan Misar";
				TargetAttributes = {
					8877F5751FCC446B006F1484 = {
						CreatedOnToolsVersion = 9.1;
						ProvisioningStyle = Automatic;
					};
				};
			};
			buildConfigurationList = 8877F5711FCC446B006F1484 /* Build configuration list for PBXProject "Unicorn" */;
			compatibilityVersion = "Xcode 8.0";
			developmentRegion = en;
			hasScannedForEncodings = 0;
			knownRegions = (
				en,
				Base,
			);
			mainGroup = 8877F56D1FCC446B006F1484;
			productRefGroup = 8877F5771FCC446B006F1484 /* Products */;
			projectDirPath = "";
			projectRoot = "";
			targets = (
				8877F5751FCC446B006F1484 /* Unicorn */,
			);
		};
/* End PBXProject section */

/* Begin PBXResourcesBuildPhase section */
		8877F5741FCC446B006F1484 /* Resources */ = {
			isa = PBXResourcesBuildPhase;
			buildActionMask = 2147483647;
			files = (
				8877F5841FCC446B006F1484 /* LaunchScreen.storyboard in Resources */,
				8877F5811FCC446B006F1484 /* Assets.xcassets in Resources */,
				8877F57F1FCC446B006F1484 /* Main.storyboard in Resources */,
			);
			runOnlyForDeploymentPostprocessing = 0;
		};
/* End PBXResourcesBuildPhase section */

/* Begin PBXShellScriptBuildPhase section */
		427E17606CABBEE86810306A /* [CP] Check Pods Manifest.lock */ = {
			isa = PBXShellScriptBuildPhase;
			buildActionMask = 2147483647;
			files = (
			);
			inputPaths = (
				"${PODS_PODFILE_DIR_PATH}/Podfile.lock",
				"${PODS_ROOT}/Manifest.lock",
			);
			name = "[CP] Check Pods Manifest.lock";
			outputPaths = (
				"$(DERIVED_FILE_DIR)/Pods-Unicorn-checkManifestLockResult.txt",
			);
			runOnlyForDeploymentPostprocessing = 0;
			shellPath = /bin/sh;
			shellScript = "diff \"${PODS_PODFILE_DIR_PATH}/Podfile.lock\" \"${PODS_ROOT}/Manifest.lock\" > /dev/null\nif [ $? != 0 ] ; then\n    # print error to STDERR\n    echo \"error: The sandbox is not in sync with the Podfile.lock. Run 'pod install' or update your CocoaPods installation.\" >&2\n    exit 1\nfi\n# This output is used by Xcode 'outputs' to avoid re-running this script phase.\necho \"SUCCESS\" > \"${SCRIPT_OUTPUT_FILE_0}\"\n";
			showEnvVarsInLog = 0;
		};
		CDB254874BF0D1988E375CFA /* [CP] Copy Pods Resources */ = {
			isa = PBXShellScriptBuildPhase;
			buildActionMask = 2147483647;
			files = (
			);
			inputPaths = (
			);
			name = "[CP] Copy Pods Resources";
			outputPaths = (
			);
			runOnlyForDeploymentPostprocessing = 0;
			shellPath = /bin/sh;
			shellScript = "\"${SRCROOT}/Pods/Target Support Files/Pods-Unicorn/Pods-Unicorn-resources.sh\"\n";
			showEnvVarsInLog = 0;
		};
		FE7A6E53BB808F7E2741A200 /* [CP] Embed Pods Frameworks */ = {
			isa = PBXShellScriptBuildPhase;
			buildActionMask = 2147483647;
			files = (
			);
			inputPaths = (
				"${SRCROOT}/Pods/Target Support Files/Pods-Unicorn/Pods-Unicorn-frameworks.sh",
				"${BUILT_PRODUCTS_DIR}/SnapKit/SnapKit.framework",
			);
			name = "[CP] Embed Pods Frameworks";
			outputPaths = (
				"${TARGET_BUILD_DIR}/${FRAMEWORKS_FOLDER_PATH}/SnapKit.framework",
			);
			runOnlyForDeploymentPostprocessing = 0;
			shellPath = /bin/sh;
			shellScript = "\"${SRCROOT}/Pods/Target Support Files/Pods-Unicorn/Pods-Unicorn-frameworks.sh\"\n";
			showEnvVarsInLog = 0;
		};
/* End PBXShellScriptBuildPhase section */

/* Begin PBXSourcesBuildPhase section */
		8877F5721FCC446B006F1484 /* Sources */ = {
			isa = PBXSourcesBuildPhase;
			buildActionMask = 2147483647;
			files = (
				8877F57C1FCC446B006F1484 /* ViewController.swift in Sources */,
				8877F57A1FCC446B006F1484 /* AppDelegate.swift in Sources */,
			);
			runOnlyForDeploymentPostprocessing = 0;
		};
/* End PBXSourcesBuildPhase section */

/* Begin PBXVariantGroup section */
		8877F57D1FCC446B006F1484 /* Main.storyboard */ = {
			isa = PBXVariantGroup;
			children = (
				8877F57E1FCC446B006F1484 /* Base */,
			);
			name = Main.storyboard;
			sourceTree = "<group>";
		};
		8877F5821FCC446B006F1484 /* LaunchScreen.storyboard */ = {
			isa = PBXVariantGroup;
			children = (
				8877F5831FCC446B006F1484 /* Base */,
			);
			name = LaunchScreen.storyboard;
			sourceTree = "<group>";
		};
/* End PBXVariantGroup section */

/* Begin XCBuildConfiguration section */
		8877F5861FCC446B006F1484 /* Debug */ = {
			isa = XCBuildConfiguration;
			buildSettings = {
				ALWAYS_SEARCH_USER_PATHS = NO;
				CLANG_ANALYZER_NONNULL = YES;
				CLANG_ANALYZER_NUMBER_OBJECT_CONVERSION = YES_AGGRESSIVE;
				CLANG_CXX_LANGUAGE_STANDARD = "gnu++14";
				CLANG_CXX_LIBRARY = "libc++";
				CLANG_ENABLE_MODULES = YES;
				CLANG_ENABLE_OBJC_ARC = YES;
				CLANG_WARN_BLOCK_CAPTURE_AUTORELEASING = YES;
				CLANG_WARN_BOOL_CONVERSION = YES;
				CLANG_WARN_COMMA = YES;
				CLANG_WARN_CONSTANT_CONVERSION = YES;
				CLANG_WARN_DIRECT_OBJC_ISA_USAGE = YES_ERROR;
				CLANG_WARN_DOCUMENTATION_COMMENTS = YES;
				CLANG_WARN_EMPTY_BODY = YES;
				CLANG_WARN_ENUM_CONVERSION = YES;
				CLANG_WARN_INFINITE_RECURSION = YES;
				CLANG_WARN_INT_CONVERSION = YES;
				CLANG_WARN_NON_LITERAL_NULL_CONVERSION = YES;
				CLANG_WARN_OBJC_LITERAL_CONVERSION = YES;
				CLANG_WARN_OBJC_ROOT_CLASS = YES_ERROR;
				CLANG_WARN_RANGE_LOOP_ANALYSIS = YES;
				CLANG_WARN_STRICT_PROTOTYPES = YES;
				CLANG_WARN_SUSPICIOUS_MOVE = YES;
				CLANG_WARN_UNGUARDED_AVAILABILITY = YES_AGGRESSIVE;
				CLANG_WARN_UNREACHABLE_CODE = YES;
				CLANG_WARN__DUPLICATE_METHOD_MATCH = YES;
				CODE_SIGN_IDENTITY = "iPhone Developer";
				COPY_PHASE_STRIP = NO;
				DEBUG_INFORMATION_FORMAT = dwarf;
				ENABLE_STRICT_OBJC_MSGSEND = YES;
				ENABLE_TESTABILITY = YES;
				GCC_C_LANGUAGE_STANDARD = gnu11;
				GCC_DYNAMIC_NO_PIC = NO;
				GCC_NO_COMMON_BLOCKS = YES;
				GCC_OPTIMIZATION_LEVEL = 0;
				GCC_PREPROCESSOR_DEFINITIONS = (
					"DEBUG=1",
					"$(inherited)",
				);
				GCC_WARN_64_TO_32_BIT_CONVERSION = YES;
				GCC_WARN_ABOUT_RETURN_TYPE = YES_ERROR;
				GCC_WARN_UNDECLARED_SELECTOR = YES;
				GCC_WARN_UNINITIALIZED_AUTOS = YES_AGGRESSIVE;
				GCC_WARN_UNUSED_FUNCTION = YES;
				GCC_WARN_UNUSED_VARIABLE = YES;
				IPHONEOS_DEPLOYMENT_TARGET = 11.1;
				MTL_ENABLE_DEBUG_INFO = YES;
				ONLY_ACTIVE_ARCH = YES;
				SDKROOT = iphoneos;
				SWIFT_ACTIVE_COMPILATION_CONDITIONS = DEBUG;
				SWIFT_OPTIMIZATION_LEVEL = "-Onone";
			};
			name = Debug;
		};
		8877F5871FCC446B006F1484 /* Release */ = {
			isa = XCBuildConfiguration;
			buildSettings = {
				ALWAYS_SEARCH_USER_PATHS = NO;
				CLANG_ANALYZER_NONNULL = YES;
				CLANG_ANALYZER_NUMBER_OBJECT_CONVERSION = YES_AGGRESSIVE;
				CLANG_CXX_LANGUAGE_STANDARD = "gnu++14";
				CLANG_CXX_LIBRARY = "libc++";
				CLANG_ENABLE_MODULES = YES;
				CLANG_ENABLE_OBJC_ARC = YES;
				CLANG_WARN_BLOCK_CAPTURE_AUTORELEASING = YES;
				CLANG_WARN_BOOL_CONVERSION = YES;
				CLANG_WARN_COMMA = YES;
				CLANG_WARN_CONSTANT_CONVERSION = YES;
				CLANG_WARN_DIRECT_OBJC_ISA_USAGE = YES_ERROR;
				CLANG_WARN_DOCUMENTATION_COMMENTS = YES;
				CLANG_WARN_EMPTY_BODY = YES;
				CLANG_WARN_ENUM_CONVERSION = YES;
				CLANG_WARN_INFINITE_RECURSION = YES;
				CLANG_WARN_INT_CONVERSION = YES;
				CLANG_WARN_NON_LITERAL_NULL_CONVERSION = YES;
				CLANG_WARN_OBJC_LITERAL_CONVERSION = YES;
				CLANG_WARN_OBJC_ROOT_CLASS = YES_ERROR;
				CLANG_WARN_RANGE_LOOP_ANALYSIS = YES;
				CLANG_WARN_STRICT_PROTOTYPES = YES;
				CLANG_WARN_SUSPICIOUS_MOVE = YES;
				CLANG_WARN_UNGUARDED_AVAILABILITY = YES_AGGRESSIVE;
				CLANG_WARN_UNREACHABLE_CODE = YES;
				CLANG_WARN__DUPLICATE_METHOD_MATCH = YES;
				CODE_SIGN_IDENTITY = "iPhone Developer";
				COPY_PHASE_STRIP = NO;
				DEBUG_INFORMATION_FORMAT = "dwarf-with-dsym";
				ENABLE_NS_ASSERTIONS = NO;
				ENABLE_STRICT_OBJC_MSGSEND = YES;
				GCC_C_LANGUAGE_STANDARD = gnu11;
				GCC_NO_COMMON_BLOCKS = YES;
				GCC_WARN_64_TO_32_BIT_CONVERSION = YES;
				GCC_WARN_ABOUT_RETURN_TYPE = YES_ERROR;
				GCC_WARN_UNDECLARED_SELECTOR = YES;
				GCC_WARN_UNINITIALIZED_AUTOS = YES_AGGRESSIVE;
				GCC_WARN_UNUSED_FUNCTION = YES;
				GCC_WARN_UNUSED_VARIABLE = YES;
				IPHONEOS_DEPLOYMENT_TARGET = 11.1;
				MTL_ENABLE_DEBUG_INFO = NO;
				SDKROOT = iphoneos;
				SWIFT_OPTIMIZATION_LEVEL = "-Owholemodule";
				VALIDATE_PRODUCT = YES;
			};
			name = Release;
		};
		8877F5891FCC446B006F1484 /* Debug */ = {
			isa = XCBuildConfiguration;
			baseConfigurationReference = 3971A0270FE64F020F433A48 /* Pods-Unicorn.debug.xcconfig */;
			buildSettings = {
				ASSETCATALOG_COMPILER_APPICON_NAME = AppIcon;
				CODE_SIGN_STYLE = Automatic;
				INFOPLIST_FILE = Unicorn/Info.plist;
				LD_RUNPATH_SEARCH_PATHS = "$(inherited) @executable_path/Frameworks";
				PRODUCT_BUNDLE_IDENTIFIER = cz.cvut.fit.Unicorn;
				PRODUCT_NAME = "$(TARGET_NAME)";
				SWIFT_VERSION = 4.0;
				TARGETED_DEVICE_FAMILY = "1,2";
			};
			name = Debug;
		};
		8877F58A1FCC446B006F1484 /* Release */ = {
			isa = XCBuildConfiguration;
			baseConfigurationReference = 6575A822EF4827BAA928E47C /* Pods-Unicorn.release.xcconfig */;
			buildSettings = {
				ASSETCATALOG_COMPILER_APPICON_NAME = AppIcon;
				CODE_SIGN_STYLE = Automatic;
				INFOPLIST_FILE = Unicorn/Info.plist;
				LD_RUNPATH_SEARCH_PATHS = "$(inherited) @executable_path/Frameworks";
				PRODUCT_BUNDLE_IDENTIFIER = cz.cvut.fit.Unicorn;
				PRODUCT_NAME = "$(TARGET_NAME)";
				SWIFT_VERSION = 4.0;
				TARGETED_DEVICE_FAMILY = "1,2";
			};
			name = Release;
		};
/* End XCBuildConfiguration section */

/* Begin XCConfigurationList section */
		8877F5711FCC446B006F1484 /* Build configuration list for PBXProject "Unicorn" */ = {
			isa = XCConfigurationList;
			buildConfigurations = (
				8877F5861FCC446B006F1484 /* Debug */,
				8877F5871FCC446B006F1484 /* Release */,
			);
			defaultConfigurationIsVisible = 0;
			defaultConfigurationName = Release;
		};
		8877F5881FCC446B006F1484 /* Build configuration list for PBXNativeTarget "Unicorn" */ = {
			isa = XCConfigurationList;
			buildConfigurations = (
				8877F5891FCC446B006F1484 /* Debug */,
				8877F58A1FCC446B006F1484 /* Release */,
			);
			defaultConfigurationIsVisible = 0;
			defaultConfigurationName = Release;
		};
/* End XCConfigurationList section */
	};
	rootObject = 8877F56E1FCC446B006F1484 /* Project object */;
}
