// !$*UTF8*$!
{
	archiveVersion = 1;
	classes = {
	};
	objectVersion = 48;
	objects = {

/* Begin PBXAggregateTarget section */
		88F294ED1FCCB333007440E9 /* mogenerator */ = {
			isa = PBXAggregateTarget;
			buildConfigurationList = 88F294EE1FCCB333007440E9 /* Build configuration list for PBXAggregateTarget "mogenerator" */;
			buildPhases = (
				88F294F11FCCB345007440E9 /* mogenerator */,
			);
			dependencies = (
			);
			name = mogenerator;
			productName = mogenerator;
		};
/* End PBXAggregateTarget section */

/* Begin PBXBuildFile section */
		58223991EC2F571538C129F6 /* Pods_Unicorn.framework in Frameworks */ = {isa = PBXBuildFile; fileRef = 8E627562A13B20546F7B678C /* Pods_Unicorn.framework */; };
		8877F57A1FCC446B006F1484 /* AppDelegate.swift in Sources */ = {isa = PBXBuildFile; fileRef = 8877F5791FCC446B006F1484 /* AppDelegate.swift */; };
		8877F5811FCC446B006F1484 /* Assets.xcassets in Resources */ = {isa = PBXBuildFile; fileRef = 8877F5801FCC446B006F1484 /* Assets.xcassets */; };
		8877F5841FCC446B006F1484 /* LaunchScreen.storyboard in Resources */ = {isa = PBXBuildFile; fileRef = 8877F5821FCC446B006F1484 /* LaunchScreen.storyboard */; };
		88F294E11FCC460E007440E9 /* BaseViewController.swift in Sources */ = {isa = PBXBuildFile; fileRef = 88F294E01FCC460E007440E9 /* BaseViewController.swift */; };
		88F294E31FCC4621007440E9 /* LanguagesViewController.swift in Sources */ = {isa = PBXBuildFile; fileRef = 88F294E21FCC4621007440E9 /* LanguagesViewController.swift */; };
		88F294E51FCC486C007440E9 /* APIService.swift in Sources */ = {isa = PBXBuildFile; fileRef = 88F294E41FCC486C007440E9 /* APIService.swift */; };
		88F294FA1FCCB3E7007440E9 /* Model.xcdatamodeld in Sources */ = {isa = PBXBuildFile; fileRef = 88F294F81FCCB3E7007440E9 /* Model.xcdatamodeld */; };
		88F294FD1FCCB45E007440E9 /* _Language.swift in Sources */ = {isa = PBXBuildFile; fileRef = 88F294FB1FCCB45D007440E9 /* _Language.swift */; };
		88F294FE1FCCB45E007440E9 /* Language.swift in Sources */ = {isa = PBXBuildFile; fileRef = 88F294FC1FCCB45E007440E9 /* Language.swift */; };
		88FDA6E21FCCB98B00A9C85A /* LanguageTableViewCell.swift in Sources */ = {isa = PBXBuildFile; fileRef = 88FDA6E11FCCB98B00A9C85A /* LanguageTableViewCell.swift */; };
		88FDA6E41FCCBE1B00A9C85A /* LanguageDetailViewController.swift in Sources */ = {isa = PBXBuildFile; fileRef = 88FDA6E31FCCBE1B00A9C85A /* LanguageDetailViewController.swift */; };
		88FDA6EB1FCCBF3500A9C85A /* Theme.swift in Sources */ = {isa = PBXBuildFile; fileRef = 88FDA6EA1FCCBF3500A9C85A /* Theme.swift */; };
		88FDA6ED1FCCC7BC00A9C85A /* SpeechSynthesizer.swift in Sources */ = {isa = PBXBuildFile; fileRef = 88FDA6EC1FCCC7BC00A9C85A /* SpeechSynthesizer.swift */; };
		B4DFB01A1FD5CB770002CA24 /* ListViewModel.swift in Sources */ = {isa = PBXBuildFile; fileRef = B4DFB0191FD5CB770002CA24 /* ListViewModel.swift */; };
		B4DFB01C1FD5F3940002CA24 /* DetailViewModel.swift in Sources */ = {isa = PBXBuildFile; fileRef = B4DFB01B1FD5F3940002CA24 /* DetailViewModel.swift */; };
/* End PBXBuildFile section */

/* Begin PBXFileReference section */
		3971A0270FE64F020F433A48 /* Pods-Unicorn.debug.xcconfig */ = {isa = PBXFileReference; includeInIndex = 1; lastKnownFileType = text.xcconfig; name = "Pods-Unicorn.debug.xcconfig"; path = "Pods/Target Support Files/Pods-Unicorn/Pods-Unicorn.debug.xcconfig"; sourceTree = "<group>"; };
		6575A822EF4827BAA928E47C /* Pods-Unicorn.release.xcconfig */ = {isa = PBXFileReference; includeInIndex = 1; lastKnownFileType = text.xcconfig; name = "Pods-Unicorn.release.xcconfig"; path = "Pods/Target Support Files/Pods-Unicorn/Pods-Unicorn.release.xcconfig"; sourceTree = "<group>"; };
		8877F5761FCC446B006F1484 /* Unicorn.app */ = {isa = PBXFileReference; explicitFileType = wrapper.application; includeInIndex = 0; path = Unicorn.app; sourceTree = BUILT_PRODUCTS_DIR; };
		8877F5791FCC446B006F1484 /* AppDelegate.swift */ = {isa = PBXFileReference; lastKnownFileType = sourcecode.swift; path = AppDelegate.swift; sourceTree = "<group>"; };
		8877F5801FCC446B006F1484 /* Assets.xcassets */ = {isa = PBXFileReference; lastKnownFileType = folder.assetcatalog; path = Assets.xcassets; sourceTree = "<group>"; };
		8877F5831FCC446B006F1484 /* Base */ = {isa = PBXFileReference; lastKnownFileType = file.storyboard; name = Base; path = Base.lproj/LaunchScreen.storyboard; sourceTree = "<group>"; };
		8877F5851FCC446B006F1484 /* Info.plist */ = {isa = PBXFileReference; lastKnownFileType = text.plist.xml; path = Info.plist; sourceTree = "<group>"; };
		88F294E01FCC460E007440E9 /* BaseViewController.swift */ = {isa = PBXFileReference; lastKnownFileType = sourcecode.swift; path = BaseViewController.swift; sourceTree = "<group>"; };
		88F294E21FCC4621007440E9 /* LanguagesViewController.swift */ = {isa = PBXFileReference; lastKnownFileType = sourcecode.swift; path = LanguagesViewController.swift; sourceTree = "<group>"; };
		88F294E41FCC486C007440E9 /* APIService.swift */ = {isa = PBXFileReference; lastKnownFileType = sourcecode.swift; path = APIService.swift; sourceTree = "<group>"; };
		88F294F91FCCB3E7007440E9 /* Model.xcdatamodel */ = {isa = PBXFileReference; lastKnownFileType = wrapper.xcdatamodel; path = Model.xcdatamodel; sourceTree = "<group>"; };
		88F294FB1FCCB45D007440E9 /* _Language.swift */ = {isa = PBXFileReference; fileEncoding = 4; lastKnownFileType = sourcecode.swift; path = _Language.swift; sourceTree = "<group>"; };
		88F294FC1FCCB45E007440E9 /* Language.swift */ = {isa = PBXFileReference; fileEncoding = 4; lastKnownFileType = sourcecode.swift; path = Language.swift; sourceTree = "<group>"; };
		88FDA6E11FCCB98B00A9C85A /* LanguageTableViewCell.swift */ = {isa = PBXFileReference; fileEncoding = 4; lastKnownFileType = sourcecode.swift; path = LanguageTableViewCell.swift; sourceTree = "<group>"; };
		88FDA6E31FCCBE1B00A9C85A /* LanguageDetailViewController.swift */ = {isa = PBXFileReference; lastKnownFileType = sourcecode.swift; path = LanguageDetailViewController.swift; sourceTree = "<group>"; };
		88FDA6EA1FCCBF3500A9C85A /* Theme.swift */ = {isa = PBXFileReference; lastKnownFileType = sourcecode.swift; path = Theme.swift; sourceTree = "<group>"; };
		88FDA6EC1FCCC7BC00A9C85A /* SpeechSynthesizer.swift */ = {isa = PBXFileReference; lastKnownFileType = sourcecode.swift; path = SpeechSynthesizer.swift; sourceTree = "<group>"; };
		8E627562A13B20546F7B678C /* Pods_Unicorn.framework */ = {isa = PBXFileReference; explicitFileType = wrapper.framework; includeInIndex = 0; path = Pods_Unicorn.framework; sourceTree = BUILT_PRODUCTS_DIR; };
		B4DFB0191FD5CB770002CA24 /* ListViewModel.swift */ = {isa = PBXFileReference; lastKnownFileType = sourcecode.swift; path = ListViewModel.swift; sourceTree = "<group>"; };
		B4DFB01B1FD5F3940002CA24 /* DetailViewModel.swift */ = {isa = PBXFileReference; lastKnownFileType = sourcecode.swift; path = DetailViewModel.swift; sourceTree = "<group>"; };
/* End PBXFileReference section */

/* Begin PBXFrameworksBuildPhase section */
		8877F5731FCC446B006F1484 /* Frameworks */ = {
			isa = PBXFrameworksBuildPhase;
			buildActionMask = 2147483647;
			files = (
				58223991EC2F571538C129F6 /* Pods_Unicorn.framework in Frameworks */,
			);
			runOnlyForDeploymentPostprocessing = 0;
		};
/* End PBXFrameworksBuildPhase section */

/* Begin PBXGroup section */
		1FBF924968727AC67CA1093E /* Frameworks */ = {
			isa = PBXGroup;
			children = (
				8E627562A13B20546F7B678C /* Pods_Unicorn.framework */,
			);
			name = Frameworks;
			sourceTree = "<group>";
		};
		8877F56D1FCC446B006F1484 = {
			isa = PBXGroup;
			children = (
				8877F5781FCC446B006F1484 /* Unicorn */,
				8877F5771FCC446B006F1484 /* Products */,
				C0CAF4EC53D8396F8DD43884 /* Pods */,
				1FBF924968727AC67CA1093E /* Frameworks */,
			);
			sourceTree = "<group>";
		};
		8877F5771FCC446B006F1484 /* Products */ = {
			isa = PBXGroup;
			children = (
				8877F5761FCC446B006F1484 /* Unicorn.app */,
			);
			name = Products;
			sourceTree = "<group>";
		};
		8877F5781FCC446B006F1484 /* Unicorn */ = {
			isa = PBXGroup;
			children = (
				B4DFB0181FD5B5E20002CA24 /* ViewModel */,
				88F294F71FCCB3D6007440E9 /* Model */,
				88FDA6E61FCCBE4300A9C85A /* Services */,
				88FDA6E51FCCBE3B00A9C85A /* View */,
				88FDA6E91FCCBE7E00A9C85A /* Resources */,
				8877F5791FCC446B006F1484 /* AppDelegate.swift */,
				8877F5851FCC446B006F1484 /* Info.plist */,
			);
			path = Unicorn;
			sourceTree = "<group>";
		};
		88F294F71FCCB3D6007440E9 /* Model */ = {
			isa = PBXGroup;
			children = (
				88F294F81FCCB3E7007440E9 /* Model.xcdatamodeld */,
				88F294FC1FCCB45E007440E9 /* Language.swift */,
				88F294FF1FCCB489007440E9 /* dont touch */,
			);
			path = Model;
			sourceTree = "<group>";
		};
		88F294FF1FCCB489007440E9 /* dont touch */ = {
			isa = PBXGroup;
			children = (
				88F294FB1FCCB45D007440E9 /* _Language.swift */,
			);
			path = "dont touch";
			sourceTree = "<group>";
		};
		88FDA6E51FCCBE3B00A9C85A /* View */ = {
			isa = PBXGroup;
			children = (
				88FDA6E81FCCBE6300A9C85A /* Cells */,
				88FDA6E71FCCBE5D00A9C85A /* Controllers */,
			);
			path = View;
			sourceTree = "<group>";
		};
		88FDA6E61FCCBE4300A9C85A /* Services */ = {
			isa = PBXGroup;
			children = (
				88F294E41FCC486C007440E9 /* APIService.swift */,
				88FDA6EA1FCCBF3500A9C85A /* Theme.swift */,
				88FDA6EC1FCCC7BC00A9C85A /* SpeechSynthesizer.swift */,
			);
			path = Services;
			sourceTree = "<group>";
		};
		88FDA6E71FCCBE5D00A9C85A /* Controllers */ = {
			isa = PBXGroup;
			children = (
				88F294E01FCC460E007440E9 /* BaseViewController.swift */,
				88F294E21FCC4621007440E9 /* LanguagesViewController.swift */,
				88FDA6E31FCCBE1B00A9C85A /* LanguageDetailViewController.swift */,
			);
			path = Controllers;
			sourceTree = "<group>";
		};
		88FDA6E81FCCBE6300A9C85A /* Cells */ = {
			isa = PBXGroup;
			children = (
				88FDA6E11FCCB98B00A9C85A /* LanguageTableViewCell.swift */,
			);
			path = Cells;
			sourceTree = "<group>";
		};
		88FDA6E91FCCBE7E00A9C85A /* Resources */ = {
			isa = PBXGroup;
			children = (
				8877F5821FCC446B006F1484 /* LaunchScreen.storyboard */,
				8877F5801FCC446B006F1484 /* Assets.xcassets */,
			);
			path = Resources;
			sourceTree = "<group>";
		};
		B4DFB0181FD5B5E20002CA24 /* ViewModel */ = {
			isa = PBXGroup;
			children = (
				B4DFB0191FD5CB770002CA24 /* ListViewModel.swift */,
				B4DFB01B1FD5F3940002CA24 /* DetailViewModel.swift */,
			);
			path = ViewModel;
			sourceTree = "<group>";
		};
		C0CAF4EC53D8396F8DD43884 /* Pods */ = {
			isa = PBXGroup;
			children = (
				3971A0270FE64F020F433A48 /* Pods-Unicorn.debug.xcconfig */,
				6575A822EF4827BAA928E47C /* Pods-Unicorn.release.xcconfig */,
			);
			name = Pods;
			sourceTree = "<group>";
		};
/* End PBXGroup section */

/* Begin PBXNativeTarget section */
		8877F5751FCC446B006F1484 /* Unicorn */ = {
			isa = PBXNativeTarget;
			buildConfigurationList = 8877F5881FCC446B006F1484 /* Build configuration list for PBXNativeTarget "Unicorn" */;
			buildPhases = (
				427E17606CABBEE86810306A /* [CP] Check Pods Manifest.lock */,
				8877F5721FCC446B006F1484 /* Sources */,
				8877F5731FCC446B006F1484 /* Frameworks */,
				8877F5741FCC446B006F1484 /* Resources */,
				FE7A6E53BB808F7E2741A200 /* [CP] Embed Pods Frameworks */,
				CDB254874BF0D1988E375CFA /* [CP] Copy Pods Resources */,
			);
			buildRules = (
			);
			dependencies = (
			);
			name = Unicorn;
			productName = Unicorn;
			productReference = 8877F5761FCC446B006F1484 /* Unicorn.app */;
			productType = "com.apple.product-type.application";
		};
/* End PBXNativeTarget section */

/* Begin PBXProject section */
		8877F56E1FCC446B006F1484 /* Project object */ = {
			isa = PBXProject;
			attributes = {
				LastSwiftUpdateCheck = 0910;
				LastUpgradeCheck = 0910;
				ORGANIZATIONNAME = "Jan Misar";
				TargetAttributes = {
					8877F5751FCC446B006F1484 = {
						CreatedOnToolsVersion = 9.1;
						ProvisioningStyle = Automatic;
					};
					88F294ED1FCCB333007440E9 = {
						CreatedOnToolsVersion = 9.1;
						ProvisioningStyle = Automatic;
					};
				};
			};
			buildConfigurationList = 8877F5711FCC446B006F1484 /* Build configuration list for PBXProject "Unicorn" */;
			compatibilityVersion = "Xcode 8.0";
			developmentRegion = en;
			hasScannedForEncodings = 0;
			knownRegions = (
				en,
				Base,
			);
			mainGroup = 8877F56D1FCC446B006F1484;
			productRefGroup = 8877F5771FCC446B006F1484 /* Products */;
			projectDirPath = "";
			projectRoot = "";
			targets = (
				8877F5751FCC446B006F1484 /* Unicorn */,
				88F294ED1FCCB333007440E9 /* mogenerator */,
			);
		};
/* End PBXProject section */

/* Begin PBXResourcesBuildPhase section */
		8877F5741FCC446B006F1484 /* Resources */ = {
			isa = PBXResourcesBuildPhase;
			buildActionMask = 2147483647;
			files = (
				8877F5841FCC446B006F1484 /* LaunchScreen.storyboard in Resources */,
				8877F5811FCC446B006F1484 /* Assets.xcassets in Resources */,
			);
			runOnlyForDeploymentPostprocessing = 0;
		};
/* End PBXResourcesBuildPhase section */

/* Begin PBXShellScriptBuildPhase section */
		427E17606CABBEE86810306A /* [CP] Check Pods Manifest.lock */ = {
			isa = PBXShellScriptBuildPhase;
			buildActionMask = 2147483647;
			files = (
			);
			inputPaths = (
				"${PODS_PODFILE_DIR_PATH}/Podfile.lock",
				"${PODS_ROOT}/Manifest.lock",
			);
			name = "[CP] Check Pods Manifest.lock";
			outputPaths = (
				"$(DERIVED_FILE_DIR)/Pods-Unicorn-checkManifestLockResult.txt",
			);
			runOnlyForDeploymentPostprocessing = 0;
			shellPath = /bin/sh;
			shellScript = "diff \"${PODS_PODFILE_DIR_PATH}/Podfile.lock\" \"${PODS_ROOT}/Manifest.lock\" > /dev/null\nif [ $? != 0 ] ; then\n    # print error to STDERR\n    echo \"error: The sandbox is not in sync with the Podfile.lock. Run 'pod install' or update your CocoaPods installation.\" >&2\n    exit 1\nfi\n# This output is used by Xcode 'outputs' to avoid re-running this script phase.\necho \"SUCCESS\" > \"${SCRIPT_OUTPUT_FILE_0}\"\n";
			showEnvVarsInLog = 0;
		};
		88F294F11FCCB345007440E9 /* mogenerator */ = {
			isa = PBXShellScriptBuildPhase;
			buildActionMask = 2147483647;
			files = (
			);
			inputPaths = (
			);
			name = mogenerator;
			outputPaths = (
			);
			runOnlyForDeploymentPostprocessing = 0;
			shellPath = /bin/sh;
			shellScript = "mogenerator -m \"Unicorn/Model/Model.xcdatamodeld/Model.xcdatamodel\" -O \"Unicorn/Model\" --swift";
		};
		CDB254874BF0D1988E375CFA /* [CP] Copy Pods Resources */ = {
			isa = PBXShellScriptBuildPhase;
			buildActionMask = 2147483647;
			files = (
			);
			inputPaths = (
			);
			name = "[CP] Copy Pods Resources";
			outputPaths = (
			);
			runOnlyForDeploymentPostprocessing = 0;
			shellPath = /bin/sh;
			shellScript = "\"${SRCROOT}/Pods/Target Support Files/Pods-Unicorn/Pods-Unicorn-resources.sh\"\n";
			showEnvVarsInLog = 0;
		};
		FE7A6E53BB808F7E2741A200 /* [CP] Embed Pods Frameworks */ = {
			isa = PBXShellScriptBuildPhase;
			buildActionMask = 2147483647;
			files = (
			);
			inputPaths = (
				"${SRCROOT}/Pods/Target Support Files/Pods-Unicorn/Pods-Unicorn-frameworks.sh",
				"${BUILT_PRODUCTS_DIR}/Alamofire/Alamofire.framework",
				"${BUILT_PRODUCTS_DIR}/AlamofireImage/AlamofireImage.framework",
				"${BUILT_PRODUCTS_DIR}/AlamofireNetworkActivityIndicator/AlamofireNetworkActivityIndicator.framework",
				"${BUILT_PRODUCTS_DIR}/MagicalRecord/MagicalRecord.framework",
				"${BUILT_PRODUCTS_DIR}/SnapKit/SnapKit.framework",
			);
			name = "[CP] Embed Pods Frameworks";
			outputPaths = (
				"${TARGET_BUILD_DIR}/${FRAMEWORKS_FOLDER_PATH}/Alamofire.framework",
				"${TARGET_BUILD_DIR}/${FRAMEWORKS_FOLDER_PATH}/AlamofireImage.framework",
				"${TARGET_BUILD_DIR}/${FRAMEWORKS_FOLDER_PATH}/AlamofireNetworkActivityIndicator.framework",
				"${TARGET_BUILD_DIR}/${FRAMEWORKS_FOLDER_PATH}/MagicalRecord.framework",
				"${TARGET_BUILD_DIR}/${FRAMEWORKS_FOLDER_PATH}/SnapKit.framework",
			);
			runOnlyForDeploymentPostprocessing = 0;
			shellPath = /bin/sh;
			shellScript = "\"${SRCROOT}/Pods/Target Support Files/Pods-Unicorn/Pods-Unicorn-frameworks.sh\"\n";
			showEnvVarsInLog = 0;
		};
/* End PBXShellScriptBuildPhase section */

/* Begin PBXSourcesBuildPhase section */
		8877F5721FCC446B006F1484 /* Sources */ = {
			isa = PBXSourcesBuildPhase;
			buildActionMask = 2147483647;
			files = (
				8877F57A1FCC446B006F1484 /* AppDelegate.swift in Sources */,
				88F294E31FCC4621007440E9 /* LanguagesViewController.swift in Sources */,
				B4DFB01A1FD5CB770002CA24 /* ListViewModel.swift in Sources */,
				88F294FA1FCCB3E7007440E9 /* Model.xcdatamodeld in Sources */,
				88FDA6E41FCCBE1B00A9C85A /* LanguageDetailViewController.swift in Sources */,
				88FDA6ED1FCCC7BC00A9C85A /* SpeechSynthesizer.swift in Sources */,
				88F294FE1FCCB45E007440E9 /* Language.swift in Sources */,
				88F294FD1FCCB45E007440E9 /* _Language.swift in Sources */,
				88FDA6E21FCCB98B00A9C85A /* LanguageTableViewCell.swift in Sources */,
				B4DFB01C1FD5F3940002CA24 /* DetailViewModel.swift in Sources */,
				88FDA6EB1FCCBF3500A9C85A /* Theme.swift in Sources */,
				88F294E51FCC486C007440E9 /* APIService.swift in Sources */,
				88F294E11FCC460E007440E9 /* BaseViewController.swift in Sources */,
			);
			runOnlyForDeploymentPostprocessing = 0;
		};
/* End PBXSourcesBuildPhase section */

/* Begin PBXVariantGroup section */
		8877F5821FCC446B006F1484 /* LaunchScreen.storyboard */ = {
			isa = PBXVariantGroup;
			children = (
				8877F5831FCC446B006F1484 /* Base */,
			);
			name = LaunchScreen.storyboard;
			sourceTree = "<group>";
		};
/* End PBXVariantGroup section */

/* Begin XCBuildConfiguration section */
		8877F5861FCC446B006F1484 /* Debug */ = {
			isa = XCBuildConfiguration;
			buildSettings = {
				ALWAYS_SEARCH_USER_PATHS = NO;
				CLANG_ANALYZER_NONNULL = YES;
				CLANG_ANALYZER_NUMBER_OBJECT_CONVERSION = YES_AGGRESSIVE;
				CLANG_CXX_LANGUAGE_STANDARD = "gnu++14";
				CLANG_CXX_LIBRARY = "libc++";
				CLANG_ENABLE_MODULES = YES;
				CLANG_ENABLE_OBJC_ARC = YES;
				CLANG_WARN_BLOCK_CAPTURE_AUTORELEASING = YES;
				CLANG_WARN_BOOL_CONVERSION = YES;
				CLANG_WARN_COMMA = YES;
				CLANG_WARN_CONSTANT_CONVERSION = YES;
				CLANG_WARN_DIRECT_OBJC_ISA_USAGE = YES_ERROR;
				CLANG_WARN_DOCUMENTATION_COMMENTS = YES;
				CLANG_WARN_EMPTY_BODY = YES;
				CLANG_WARN_ENUM_CONVERSION = YES;
				CLANG_WARN_INFINITE_RECURSION = YES;
				CLANG_WARN_INT_CONVERSION = YES;
				CLANG_WARN_NON_LITERAL_NULL_CONVERSION = YES;
				CLANG_WARN_OBJC_LITERAL_CONVERSION = YES;
				CLANG_WARN_OBJC_ROOT_CLASS = YES_ERROR;
				CLANG_WARN_RANGE_LOOP_ANALYSIS = YES;
				CLANG_WARN_STRICT_PROTOTYPES = YES;
				CLANG_WARN_SUSPICIOUS_MOVE = YES;
				CLANG_WARN_UNGUARDED_AVAILABILITY = YES_AGGRESSIVE;
				CLANG_WARN_UNREACHABLE_CODE = YES;
				CLANG_WARN__DUPLICATE_METHOD_MATCH = YES;
				CODE_SIGN_IDENTITY = "iPhone Developer";
				COPY_PHASE_STRIP = NO;
				DEBUG_INFORMATION_FORMAT = dwarf;
				ENABLE_STRICT_OBJC_MSGSEND = YES;
				ENABLE_TESTABILITY = YES;
				GCC_C_LANGUAGE_STANDARD = gnu11;
				GCC_DYNAMIC_NO_PIC = NO;
				GCC_NO_COMMON_BLOCKS = YES;
				GCC_OPTIMIZATION_LEVEL = 0;
				GCC_PREPROCESSOR_DEFINITIONS = (
					"DEBUG=1",
					"$(inherited)",
				);
				GCC_WARN_64_TO_32_BIT_CONVERSION = YES;
				GCC_WARN_ABOUT_RETURN_TYPE = YES_ERROR;
				GCC_WARN_UNDECLARED_SELECTOR = YES;
				GCC_WARN_UNINITIALIZED_AUTOS = YES_AGGRESSIVE;
				GCC_WARN_UNUSED_FUNCTION = YES;
				GCC_WARN_UNUSED_VARIABLE = YES;
				IPHONEOS_DEPLOYMENT_TARGET = 11.1;
				MTL_ENABLE_DEBUG_INFO = YES;
				ONLY_ACTIVE_ARCH = YES;
				SDKROOT = iphoneos;
				SWIFT_ACTIVE_COMPILATION_CONDITIONS = DEBUG;
				SWIFT_OPTIMIZATION_LEVEL = "-Onone";
			};
			name = Debug;
		};
		8877F5871FCC446B006F1484 /* Release */ = {
			isa = XCBuildConfiguration;
			buildSettings = {
				ALWAYS_SEARCH_USER_PATHS = NO;
				CLANG_ANALYZER_NONNULL = YES;
				CLANG_ANALYZER_NUMBER_OBJECT_CONVERSION = YES_AGGRESSIVE;
				CLANG_CXX_LANGUAGE_STANDARD = "gnu++14";
				CLANG_CXX_LIBRARY = "libc++";
				CLANG_ENABLE_MODULES = YES;
				CLANG_ENABLE_OBJC_ARC = YES;
				CLANG_WARN_BLOCK_CAPTURE_AUTORELEASING = YES;
				CLANG_WARN_BOOL_CONVERSION = YES;
				CLANG_WARN_COMMA = YES;
				CLANG_WARN_CONSTANT_CONVERSION = YES;
				CLANG_WARN_DIRECT_OBJC_ISA_USAGE = YES_ERROR;
				CLANG_WARN_DOCUMENTATION_COMMENTS = YES;
				CLANG_WARN_EMPTY_BODY = YES;
				CLANG_WARN_ENUM_CONVERSION = YES;
				CLANG_WARN_INFINITE_RECURSION = YES;
				CLANG_WARN_INT_CONVERSION = YES;
				CLANG_WARN_NON_LITERAL_NULL_CONVERSION = YES;
				CLANG_WARN_OBJC_LITERAL_CONVERSION = YES;
				CLANG_WARN_OBJC_ROOT_CLASS = YES_ERROR;
				CLANG_WARN_RANGE_LOOP_ANALYSIS = YES;
				CLANG_WARN_STRICT_PROTOTYPES = YES;
				CLANG_WARN_SUSPICIOUS_MOVE = YES;
				CLANG_WARN_UNGUARDED_AVAILABILITY = YES_AGGRESSIVE;
				CLANG_WARN_UNREACHABLE_CODE = YES;
				CLANG_WARN__DUPLICATE_METHOD_MATCH = YES;
				CODE_SIGN_IDENTITY = "iPhone Developer";
				COPY_PHASE_STRIP = NO;
				DEBUG_INFORMATION_FORMAT = "dwarf-with-dsym";
				ENABLE_NS_ASSERTIONS = NO;
				ENABLE_STRICT_OBJC_MSGSEND = YES;
				GCC_C_LANGUAGE_STANDARD = gnu11;
				GCC_NO_COMMON_BLOCKS = YES;
				GCC_WARN_64_TO_32_BIT_CONVERSION = YES;
				GCC_WARN_ABOUT_RETURN_TYPE = YES_ERROR;
				GCC_WARN_UNDECLARED_SELECTOR = YES;
				GCC_WARN_UNINITIALIZED_AUTOS = YES_AGGRESSIVE;
				GCC_WARN_UNUSED_FUNCTION = YES;
				GCC_WARN_UNUSED_VARIABLE = YES;
				IPHONEOS_DEPLOYMENT_TARGET = 11.1;
				MTL_ENABLE_DEBUG_INFO = NO;
				SDKROOT = iphoneos;
				SWIFT_OPTIMIZATION_LEVEL = "-Owholemodule";
				VALIDATE_PRODUCT = YES;
			};
			name = Release;
		};
		8877F5891FCC446B006F1484 /* Debug */ = {
			isa = XCBuildConfiguration;
			baseConfigurationReference = 3971A0270FE64F020F433A48 /* Pods-Unicorn.debug.xcconfig */;
			buildSettings = {
				ASSETCATALOG_COMPILER_APPICON_NAME = AppIcon;
				CODE_SIGN_STYLE = Automatic;
				INFOPLIST_FILE = Unicorn/Info.plist;
				LD_RUNPATH_SEARCH_PATHS = "$(inherited) @executable_path/Frameworks";
				PRODUCT_BUNDLE_IDENTIFIER = cz.cvut.fit.Unicorn;
				PRODUCT_NAME = "$(TARGET_NAME)";
				SWIFT_VERSION = 4.0;
				TARGETED_DEVICE_FAMILY = "1,2";
			};
			name = Debug;
		};
		8877F58A1FCC446B006F1484 /* Release */ = {
			isa = XCBuildConfiguration;
			baseConfigurationReference = 6575A822EF4827BAA928E47C /* Pods-Unicorn.release.xcconfig */;
			buildSettings = {
				ASSETCATALOG_COMPILER_APPICON_NAME = AppIcon;
				CODE_SIGN_STYLE = Automatic;
				INFOPLIST_FILE = Unicorn/Info.plist;
				LD_RUNPATH_SEARCH_PATHS = "$(inherited) @executable_path/Frameworks";
				PRODUCT_BUNDLE_IDENTIFIER = cz.cvut.fit.Unicorn;
				PRODUCT_NAME = "$(TARGET_NAME)";
				SWIFT_VERSION = 4.0;
				TARGETED_DEVICE_FAMILY = "1,2";
			};
			name = Release;
		};
		88F294EF1FCCB333007440E9 /* Debug */ = {
			isa = XCBuildConfiguration;
			buildSettings = {
				CODE_SIGN_STYLE = Automatic;
				PRODUCT_NAME = "$(TARGET_NAME)";
			};
			name = Debug;
		};
		88F294F01FCCB333007440E9 /* Release */ = {
			isa = XCBuildConfiguration;
			buildSettings = {
				CODE_SIGN_STYLE = Automatic;
				PRODUCT_NAME = "$(TARGET_NAME)";
			};
			name = Release;
		};
/* End XCBuildConfiguration section */

/* Begin XCConfigurationList section */
		8877F5711FCC446B006F1484 /* Build configuration list for PBXProject "Unicorn" */ = {
			isa = XCConfigurationList;
			buildConfigurations = (
				8877F5861FCC446B006F1484 /* Debug */,
				8877F5871FCC446B006F1484 /* Release */,
			);
			defaultConfigurationIsVisible = 0;
			defaultConfigurationName = Release;
		};
		8877F5881FCC446B006F1484 /* Build configuration list for PBXNativeTarget "Unicorn" */ = {
			isa = XCConfigurationList;
			buildConfigurations = (
				8877F5891FCC446B006F1484 /* Debug */,
				8877F58A1FCC446B006F1484 /* Release */,
			);
			defaultConfigurationIsVisible = 0;
			defaultConfigurationName = Release;
		};
		88F294EE1FCCB333007440E9 /* Build configuration list for PBXAggregateTarget "mogenerator" */ = {
			isa = XCConfigurationList;
			buildConfigurations = (
				88F294EF1FCCB333007440E9 /* Debug */,
				88F294F01FCCB333007440E9 /* Release */,
			);
			defaultConfigurationIsVisible = 0;
			defaultConfigurationName = Release;
		};
/* End XCConfigurationList section */

/* Begin XCVersionGroup section */
		88F294F81FCCB3E7007440E9 /* Model.xcdatamodeld */ = {
			isa = XCVersionGroup;
			children = (
				88F294F91FCCB3E7007440E9 /* Model.xcdatamodel */,
			);
			currentVersion = 88F294F91FCCB3E7007440E9 /* Model.xcdatamodel */;
			path = Model.xcdatamodeld;
			sourceTree = "<group>";
			versionGroupType = wrapper.xcdatamodel;
		};
/* End XCVersionGroup section */
	};
	rootObject = 8877F56E1FCC446B006F1484 /* Project object */;
}
